<?xml version="1.0" encoding="utf-8"?>
<Project ToolsVersion="15.0" xmlns="http://schemas.microsoft.com/developer/msbuild/2003">
  <ItemGroup>
    <ClCompile Include="C:\hyperexchange\HyperExchange\Build\libraries\egenesis\egenesis_full.cpp">
      <Filter>Source Files</Filter>
    </ClCompile>
  </ItemGroup>
  <ItemGroup>
    <ClInclude Include="C:\hyperexchange\HyperExchange\libraries\egenesis\include\graphene\egenesis\egenesis.hpp">
      <Filter>Header Files</Filter>
    </ClInclude>
  </ItemGroup>
  <ItemGroup>
    <CustomBuild Include="C:\hyperexchange\HyperExchange\Build\CMakeFiles\59646ace9c04b0537c764d57d890ad6a\egenesis_brief.cpp.rule">
      <Filter>CMake Rules</Filter>
    </CustomBuild>
  </ItemGroup>
  <ItemGroup>
    <Filter Include="CMake Rules">
      <UniqueIdentifier>{4DFCD937-4999-3386-9AC5-7220E9A9EC99}</UniqueIdentifier>
    </Filter>
    <Filter Include="Header Files">
      <UniqueIdentifier>{955A4791-7C86-39F9-BE2C-802B655DAB4F}</UniqueIdentifier>
    </Filter>
    <Filter Include="Source Files">
      <UniqueIdentifier>{02989B71-2D6D-33CF-A9B1-1B696CC86A4E}</UniqueIdentifier>
    </Filter>
  </ItemGroup>
</Project>
